
Microsoft Visual Studio Solution File, Format Version 12.00
# Visual Studio 2013
VisualStudioVersion = 12.0.31101.0
MinimumVisualStudioVersion = 10.0.40219.1
Project("{FAE04EC0-301F-11D3-BF4B-00C04F79EFBC}") = "fwptt.Desktop.App", "fwptt.Desktop.App\fwptt.Desktop.App.csproj", "{C202C444-15DC-45E9-9445-58EFBC372752}"
EndProject
Project("{FAE04EC0-301F-11D3-BF4B-00C04F79EFBC}") = "fwptt.TestProject", "fwptt.TestProject\fwptt.TestProject.csproj", "{89A430CB-74DE-4ABE-B026-AC14CAB47A02}"
EndProject
Project("{FAE04EC0-301F-11D3-BF4B-00C04F79EFBC}") = "fwptt.Desktop.DefaultPlugIns", "fwptt.Desktop.DefaultPlugIns\fwptt.Desktop.DefaultPlugIns.csproj", "{DAE8C2F7-FB86-41C8-B500-3662F961D987}"
EndProject
Project("{2150E333-8FDC-42A3-9474-1A3956D46DE8}") = "Solution Items", "Solution Items", "{F1BFC674-6D54-434C-9E9C-F4D15FCA7C64}"
	ProjectSection(SolutionItems) = preProject
		LICENSE = LICENSE
		README.md = README.md
		StuffTODO.txt = StuffTODO.txt
	EndProjectSection
EndProject
Project("{2150E333-8FDC-42A3-9474-1A3956D46DE8}") = ".nuget", ".nuget", "{AF7974AB-7D2D-46C9-8AE4-BF133689FA25}"
	ProjectSection(SolutionItems) = preProject
		.nuget\NuGet.Config = .nuget\NuGet.Config
		.nuget\NuGet.exe = .nuget\NuGet.exe
		.nuget\NuGet.targets = .nuget\NuGet.targets
	EndProjectSection
EndProject
Project("{FAE04EC0-301F-11D3-BF4B-00C04F79EFBC}") = "fwptt.Desktop.Util", "fwptt.Desktop.Util\fwptt.Desktop.Util.csproj", "{DF4C994C-A662-4E6F-A1BD-282D0BCC7DC6}"
EndProject
Project("{FAE04EC0-301F-11D3-BF4B-00C04F79EFBC}") = "fwptt.Data.DefaultPlugins", "fwptt.Data.DefaultPlugins\fwptt.Data.DefaultPlugins.csproj", "{DF4F6FA5-5F7C-493A-A0BB-32E449A7EC39}"
EndProject
Project("{FAE04EC0-301F-11D3-BF4B-00C04F79EFBC}") = "fwptt.Web.HTTP.Test", "fwptt.Web.HTTP.Test\fwptt.Web.HTTP.Test.csproj", "{D7B5AFD0-5409-4CBC-9BA7-1282DEAAB097}"
EndProject
Project("{FAE04EC0-301F-11D3-BF4B-00C04F79EFBC}") = "fwptt.Sample.Tests", "fwptt.Sample.Tests\fwptt.Sample.Tests.csproj", "{80F93AE4-B52D-44EA-ADE7-4705C9C95BEF}"
EndProject
Project("{FAE04EC0-301F-11D3-BF4B-00C04F79EFBC}") = "fwptt.Console.DefaultPlugins", "fwptt.Console.DefaultPlugins\fwptt.Console.DefaultPlugins.csproj", "{11A69043-85EC-4603-AE36-560025B85EFD}"
EndProject
Project("{FAE04EC0-301F-11D3-BF4B-00C04F79EFBC}") = "fwptt.Console.App", "fwptt.Console.App\fwptt.Console.App.csproj", "{C144CC44-ED79-460F-83DD-E430E68499EF}"
EndProject
Global
	GlobalSection(SolutionConfigurationPlatforms) = preSolution
		Debug|Any CPU = Debug|Any CPU
		Debug|ARM = Debug|ARM
		Debug|x64 = Debug|x64
		Debug|x86 = Debug|x86
		Release|Any CPU = Release|Any CPU
		Release|ARM = Release|ARM
		Release|x64 = Release|x64
		Release|x86 = Release|x86
	EndGlobalSection
	GlobalSection(ProjectConfigurationPlatforms) = postSolution
		{C202C444-15DC-45E9-9445-58EFBC372752}.Debug|Any CPU.ActiveCfg = Debug|Any CPU
		{C202C444-15DC-45E9-9445-58EFBC372752}.Debug|Any CPU.Build.0 = Debug|Any CPU
		{C202C444-15DC-45E9-9445-58EFBC372752}.Debug|ARM.ActiveCfg = Debug|Any CPU
		{C202C444-15DC-45E9-9445-58EFBC372752}.Debug|x64.ActiveCfg = Debug|Any CPU
		{C202C444-15DC-45E9-9445-58EFBC372752}.Debug|x86.ActiveCfg = Debug|Any CPU
		{C202C444-15DC-45E9-9445-58EFBC372752}.Release|Any CPU.ActiveCfg = Release|Any CPU
		{C202C444-15DC-45E9-9445-58EFBC372752}.Release|Any CPU.Build.0 = Release|Any CPU
		{C202C444-15DC-45E9-9445-58EFBC372752}.Release|ARM.ActiveCfg = Release|Any CPU
		{C202C444-15DC-45E9-9445-58EFBC372752}.Release|x64.ActiveCfg = Release|Any CPU
		{C202C444-15DC-45E9-9445-58EFBC372752}.Release|x86.ActiveCfg = Release|Any CPU
		{89A430CB-74DE-4ABE-B026-AC14CAB47A02}.Debug|Any CPU.ActiveCfg = Debug|Any CPU
		{89A430CB-74DE-4ABE-B026-AC14CAB47A02}.Debug|Any CPU.Build.0 = Debug|Any CPU
		{89A430CB-74DE-4ABE-B026-AC14CAB47A02}.Debug|ARM.ActiveCfg = Debug|Any CPU
		{89A430CB-74DE-4ABE-B026-AC14CAB47A02}.Debug|x64.ActiveCfg = Debug|Any CPU
		{89A430CB-74DE-4ABE-B026-AC14CAB47A02}.Debug|x86.ActiveCfg = Debug|Any CPU
		{89A430CB-74DE-4ABE-B026-AC14CAB47A02}.Release|Any CPU.ActiveCfg = Release|Any CPU
		{89A430CB-74DE-4ABE-B026-AC14CAB47A02}.Release|Any CPU.Build.0 = Release|Any CPU
		{89A430CB-74DE-4ABE-B026-AC14CAB47A02}.Release|ARM.ActiveCfg = Release|Any CPU
		{89A430CB-74DE-4ABE-B026-AC14CAB47A02}.Release|x64.ActiveCfg = Release|Any CPU
		{89A430CB-74DE-4ABE-B026-AC14CAB47A02}.Release|x86.ActiveCfg = Release|Any CPU
		{DAE8C2F7-FB86-41C8-B500-3662F961D987}.Debug|Any CPU.ActiveCfg = Debug|Any CPU
		{DAE8C2F7-FB86-41C8-B500-3662F961D987}.Debug|Any CPU.Build.0 = Debug|Any CPU
		{DAE8C2F7-FB86-41C8-B500-3662F961D987}.Debug|ARM.ActiveCfg = Debug|Any CPU
		{DAE8C2F7-FB86-41C8-B500-3662F961D987}.Debug|x64.ActiveCfg = Debug|Any CPU
		{DAE8C2F7-FB86-41C8-B500-3662F961D987}.Debug|x86.ActiveCfg = Debug|Any CPU
		{DAE8C2F7-FB86-41C8-B500-3662F961D987}.Release|Any CPU.ActiveCfg = Release|Any CPU
		{DAE8C2F7-FB86-41C8-B500-3662F961D987}.Release|Any CPU.Build.0 = Release|Any CPU
		{DAE8C2F7-FB86-41C8-B500-3662F961D987}.Release|ARM.ActiveCfg = Release|Any CPU
		{DAE8C2F7-FB86-41C8-B500-3662F961D987}.Release|x64.ActiveCfg = Release|Any CPU
		{DAE8C2F7-FB86-41C8-B500-3662F961D987}.Release|x86.ActiveCfg = Release|Any CPU
		{DF4C994C-A662-4E6F-A1BD-282D0BCC7DC6}.Debug|Any CPU.ActiveCfg = Debug|Any CPU
		{DF4C994C-A662-4E6F-A1BD-282D0BCC7DC6}.Debug|Any CPU.Build.0 = Debug|Any CPU
		{DF4C994C-A662-4E6F-A1BD-282D0BCC7DC6}.Debug|ARM.ActiveCfg = Debug|Any CPU
		{DF4C994C-A662-4E6F-A1BD-282D0BCC7DC6}.Debug|x64.ActiveCfg = Debug|Any CPU
		{DF4C994C-A662-4E6F-A1BD-282D0BCC7DC6}.Debug|x86.ActiveCfg = Debug|Any CPU
		{DF4C994C-A662-4E6F-A1BD-282D0BCC7DC6}.Release|Any CPU.ActiveCfg = Release|Any CPU
		{DF4C994C-A662-4E6F-A1BD-282D0BCC7DC6}.Release|Any CPU.Build.0 = Release|Any CPU
		{DF4C994C-A662-4E6F-A1BD-282D0BCC7DC6}.Release|ARM.ActiveCfg = Release|Any CPU
		{DF4C994C-A662-4E6F-A1BD-282D0BCC7DC6}.Release|x64.ActiveCfg = Release|Any CPU
		{DF4C994C-A662-4E6F-A1BD-282D0BCC7DC6}.Release|x86.ActiveCfg = Release|Any CPU
		{DF4F6FA5-5F7C-493A-A0BB-32E449A7EC39}.Debug|Any CPU.ActiveCfg = Debug|Any CPU
		{DF4F6FA5-5F7C-493A-A0BB-32E449A7EC39}.Debug|Any CPU.Build.0 = Debug|Any CPU
		{DF4F6FA5-5F7C-493A-A0BB-32E449A7EC39}.Debug|ARM.ActiveCfg = Debug|Any CPU
		{DF4F6FA5-5F7C-493A-A0BB-32E449A7EC39}.Debug|x64.ActiveCfg = Debug|Any CPU
		{DF4F6FA5-5F7C-493A-A0BB-32E449A7EC39}.Debug|x86.ActiveCfg = Debug|Any CPU
		{DF4F6FA5-5F7C-493A-A0BB-32E449A7EC39}.Release|Any CPU.ActiveCfg = Release|Any CPU
		{DF4F6FA5-5F7C-493A-A0BB-32E449A7EC39}.Release|Any CPU.Build.0 = Release|Any CPU
		{DF4F6FA5-5F7C-493A-A0BB-32E449A7EC39}.Release|ARM.ActiveCfg = Release|Any CPU
		{DF4F6FA5-5F7C-493A-A0BB-32E449A7EC39}.Release|x64.ActiveCfg = Release|Any CPU
		{DF4F6FA5-5F7C-493A-A0BB-32E449A7EC39}.Release|x86.ActiveCfg = Release|Any CPU
		{D7B5AFD0-5409-4CBC-9BA7-1282DEAAB097}.Debug|Any CPU.ActiveCfg = Debug|Any CPU
		{D7B5AFD0-5409-4CBC-9BA7-1282DEAAB097}.Debug|Any CPU.Build.0 = Debug|Any CPU
		{D7B5AFD0-5409-4CBC-9BA7-1282DEAAB097}.Debug|ARM.ActiveCfg = Debug|Any CPU
		{D7B5AFD0-5409-4CBC-9BA7-1282DEAAB097}.Debug|x64.ActiveCfg = Debug|Any CPU
		{D7B5AFD0-5409-4CBC-9BA7-1282DEAAB097}.Debug|x86.ActiveCfg = Debug|Any CPU
		{D7B5AFD0-5409-4CBC-9BA7-1282DEAAB097}.Release|Any CPU.ActiveCfg = Release|Any CPU
		{D7B5AFD0-5409-4CBC-9BA7-1282DEAAB097}.Release|Any CPU.Build.0 = Release|Any CPU
		{D7B5AFD0-5409-4CBC-9BA7-1282DEAAB097}.Release|ARM.ActiveCfg = Release|Any CPU
		{D7B5AFD0-5409-4CBC-9BA7-1282DEAAB097}.Release|x64.ActiveCfg = Release|Any CPU
		{D7B5AFD0-5409-4CBC-9BA7-1282DEAAB097}.Release|x86.ActiveCfg = Release|Any CPU
		{80F93AE4-B52D-44EA-ADE7-4705C9C95BEF}.Debug|Any CPU.ActiveCfg = Debug|Any CPU
		{80F93AE4-B52D-44EA-ADE7-4705C9C95BEF}.Debug|Any CPU.Build.0 = Debug|Any CPU
		{80F93AE4-B52D-44EA-ADE7-4705C9C95BEF}.Debug|ARM.ActiveCfg = Debug|Any CPU
		{80F93AE4-B52D-44EA-ADE7-4705C9C95BEF}.Debug|x64.ActiveCfg = Debug|Any CPU
		{80F93AE4-B52D-44EA-ADE7-4705C9C95BEF}.Debug|x86.ActiveCfg = Debug|Any CPU
		{80F93AE4-B52D-44EA-ADE7-4705C9C95BEF}.Release|Any CPU.ActiveCfg = Release|Any CPU
		{80F93AE4-B52D-44EA-ADE7-4705C9C95BEF}.Release|Any CPU.Build.0 = Release|Any CPU
		{80F93AE4-B52D-44EA-ADE7-4705C9C95BEF}.Release|ARM.ActiveCfg = Release|Any CPU
		{80F93AE4-B52D-44EA-ADE7-4705C9C95BEF}.Release|x64.ActiveCfg = Release|Any CPU
		{80F93AE4-B52D-44EA-ADE7-4705C9C95BEF}.Release|x86.ActiveCfg = Release|Any CPU
		{11A69043-85EC-4603-AE36-560025B85EFD}.Debug|Any CPU.ActiveCfg = Debug|Any CPU
		{11A69043-85EC-4603-AE36-560025B85EFD}.Debug|Any CPU.Build.0 = Debug|Any CPU
		{11A69043-85EC-4603-AE36-560025B85EFD}.Debug|ARM.ActiveCfg = Debug|Any CPU
		{11A69043-85EC-4603-AE36-560025B85EFD}.Debug|x64.ActiveCfg = Debug|Any CPU
		{11A69043-85EC-4603-AE36-560025B85EFD}.Debug|x86.ActiveCfg = Debug|Any CPU
		{11A69043-85EC-4603-AE36-560025B85EFD}.Release|Any CPU.ActiveCfg = Release|Any CPU
		{11A69043-85EC-4603-AE36-560025B85EFD}.Release|Any CPU.Build.0 = Release|Any CPU
		{11A69043-85EC-4603-AE36-560025B85EFD}.Release|ARM.ActiveCfg = Release|Any CPU
		{11A69043-85EC-4603-AE36-560025B85EFD}.Release|x64.ActiveCfg = Release|Any CPU
		{11A69043-85EC-4603-AE36-560025B85EFD}.Release|x86.ActiveCfg = Release|Any CPU
		{C144CC44-ED79-460F-83DD-E430E68499EF}.Debug|Any CPU.ActiveCfg = Debug|Any CPU
		{C144CC44-ED79-460F-83DD-E430E68499EF}.Debug|Any CPU.Build.0 = Debug|Any CPU
		{C144CC44-ED79-460F-83DD-E430E68499EF}.Debug|ARM.ActiveCfg = Debug|Any CPU
		{C144CC44-ED79-460F-83DD-E430E68499EF}.Debug|x64.ActiveCfg = Debug|Any CPU
		{C144CC44-ED79-460F-83DD-E430E68499EF}.Debug|x86.ActiveCfg = Debug|Any CPU
		{C144CC44-ED79-460F-83DD-E430E68499EF}.Release|Any CPU.ActiveCfg = Release|Any CPU
		{C144CC44-ED79-460F-83DD-E430E68499EF}.Release|Any CPU.Build.0 = Release|Any CPU
		{C144CC44-ED79-460F-83DD-E430E68499EF}.Release|ARM.ActiveCfg = Release|Any CPU
		{C144CC44-ED79-460F-83DD-E430E68499EF}.Release|x64.ActiveCfg = Release|Any CPU
		{C144CC44-ED79-460F-83DD-E430E68499EF}.Release|x86.ActiveCfg = Release|Any CPU
	EndGlobalSection
	GlobalSection(SolutionProperties) = preSolution
		HideSolutionNode = FALSE
	EndGlobalSection
EndGlobal
